
Microsoft Visual Studio Solution File, Format Version 12.00
# Visual Studio 15
VisualStudioVersion = 15.0.28307.489
MinimumVisualStudioVersion = 10.0.40219.1
Project("{151D2E53-A2C4-4D7D-83FE-D05416EBD58E}") = "KeyVaultSolution", "KeyVaultSolution\KeyVaultSolution.deployproj", "{04032247-A18A-4869-A0CE-B4E27F00BAA8}"
EndProject
Global
	GlobalSection(SolutionConfigurationPlatforms) = preSolution
		Debug|Any CPU = Debug|Any CPU
		Release|Any CPU = Release|Any CPU
	EndGlobalSection
	GlobalSection(ProjectConfigurationPlatforms) = postSolution
		{04032247-A18A-4869-A0CE-B4E27F00BAA8}.Debug|Any CPU.ActiveCfg = Debug|Any CPU
		{04032247-A18A-4869-A0CE-B4E27F00BAA8}.Debug|Any CPU.Build.0 = Debug|Any CPU
		{04032247-A18A-4869-A0CE-B4E27F00BAA8}.Release|Any CPU.ActiveCfg = Release|Any CPU
		{04032247-A18A-4869-A0CE-B4E27F00BAA8}.Release|Any CPU.Build.0 = Release|Any CPU
	EndGlobalSection
	GlobalSection(SolutionProperties) = preSolution
		HideSolutionNode = FALSE
	EndGlobalSection
	GlobalSection(ExtensibilityGlobals) = postSolution
		SolutionGuid = {E22EDE58-8D55-43CF-A8B3-05AE83D60813}
	EndGlobalSection
EndGlobal
